
Microsoft Visual Studio Solution File, Format Version 12.00
# Visual Studio Version 17
VisualStudioVersion = 17.9.34622.214
MinimumVisualStudioVersion = 10.0.40219.1
Project("{FAE04EC0-301F-11D3-BF4B-00C04F79EFBC}") = "App.Repositories", "App.Repositories\App.Repositories.csproj", "{CF689ADC-EBCB-4661-85D9-7D75BBF8E3A8}"
EndProject
Project("{FAE04EC0-301F-11D3-BF4B-00C04F79EFBC}") = "App.Models", "App.Models\App.Models.csproj", "{F92A3F14-E6EA-4875-B3F2-0FF50B0F3A40}"
EndProject
Project("{FAE04EC0-301F-11D3-BF4B-00C04F79EFBC}") = "App.Publisher.Api", "App.Publisher.Api\App.Publisher.Api.csproj", "{6C14EB94-0352-4D73-B37A-1E9F0F9CE23F}"
EndProject
Global
	GlobalSection(SolutionConfigurationPlatforms) = preSolution
		Debug|Any CPU = Debug|Any CPU
		Release|Any CPU = Release|Any CPU
	EndGlobalSection
	GlobalSection(ProjectConfigurationPlatforms) = postSolution
		{CF689ADC-EBCB-4661-85D9-7D75BBF8E3A8}.Debug|Any CPU.ActiveCfg = Debug|Any CPU
		{CF689ADC-EBCB-4661-85D9-7D75BBF8E3A8}.Debug|Any CPU.Build.0 = Debug|Any CPU
		{CF689ADC-EBCB-4661-85D9-7D75BBF8E3A8}.Release|Any CPU.ActiveCfg = Release|Any CPU
		{CF689ADC-EBCB-4661-85D9-7D75BBF8E3A8}.Release|Any CPU.Build.0 = Release|Any CPU
		{F92A3F14-E6EA-4875-B3F2-0FF50B0F3A40}.Debug|Any CPU.ActiveCfg = Debug|Any CPU
		{F92A3F14-E6EA-4875-B3F2-0FF50B0F3A40}.Debug|Any CPU.Build.0 = Debug|Any CPU
		{F92A3F14-E6EA-4875-B3F2-0FF50B0F3A40}.Release|Any CPU.ActiveCfg = Release|Any CPU
		{F92A3F14-E6EA-4875-B3F2-0FF50B0F3A40}.Release|Any CPU.Build.0 = Release|Any CPU
		{6C14EB94-0352-4D73-B37A-1E9F0F9CE23F}.Debug|Any CPU.ActiveCfg = Debug|Any CPU
		{6C14EB94-0352-4D73-B37A-1E9F0F9CE23F}.Debug|Any CPU.Build.0 = Debug|Any CPU
		{6C14EB94-0352-4D73-B37A-1E9F0F9CE23F}.Release|Any CPU.ActiveCfg = Release|Any CPU
		{6C14EB94-0352-4D73-B37A-1E9F0F9CE23F}.Release|Any CPU.Build.0 = Release|Any CPU
	EndGlobalSection
	GlobalSection(SolutionProperties) = preSolution
		HideSolutionNode = FALSE
	EndGlobalSection
	GlobalSection(ExtensibilityGlobals) = postSolution
		SolutionGuid = {C11A0070-B8E3-4A65-92B2-400E04E13105}
	EndGlobalSection
EndGlobal
